
Microsoft Visual Studio Solution File, Format Version 12.00
# Visual Studio Version 16
VisualStudioVersion = 16.0.29418.71
MinimumVisualStudioVersion = 10.0.40219.1
Project("{FAE04EC0-301F-11D3-BF4B-00C04F79EFBC}") = "UcPag", "UcPag\UcPag.csproj", "{5005DFF4-4367-4A42-821F-EEAFF0B1A536}"
EndProject
Project("{FAE04EC0-301F-11D3-BF4B-00C04F79EFBC}") = "UcPagTest", "UcPagTest\UcPagTest.csproj", "{A434CCC4-E282-4587-80E1-0C9BCF277B10}"
EndProject
Global
	GlobalSection(SolutionConfigurationPlatforms) = preSolution
		Debug|Any CPU = Debug|Any CPU
		Release|Any CPU = Release|Any CPU
	EndGlobalSection
	GlobalSection(ProjectConfigurationPlatforms) = postSolution
		{5005DFF4-4367-4A42-821F-EEAFF0B1A536}.Debug|Any CPU.ActiveCfg = Debug|Any CPU
		{5005DFF4-4367-4A42-821F-EEAFF0B1A536}.Debug|Any CPU.Build.0 = Debug|Any CPU
		{5005DFF4-4367-4A42-821F-EEAFF0B1A536}.Release|Any CPU.ActiveCfg = Release|Any CPU
		{5005DFF4-4367-4A42-821F-EEAFF0B1A536}.Release|Any CPU.Build.0 = Release|Any CPU
		{A434CCC4-E282-4587-80E1-0C9BCF277B10}.Debug|Any CPU.ActiveCfg = Debug|Any CPU
		{A434CCC4-E282-4587-80E1-0C9BCF277B10}.Debug|Any CPU.Build.0 = Debug|Any CPU
		{A434CCC4-E282-4587-80E1-0C9BCF277B10}.Release|Any CPU.ActiveCfg = Release|Any CPU
		{A434CCC4-E282-4587-80E1-0C9BCF277B10}.Release|Any CPU.Build.0 = Release|Any CPU
	EndGlobalSection
	GlobalSection(SolutionProperties) = preSolution
		HideSolutionNode = FALSE
	EndGlobalSection
	GlobalSection(ExtensibilityGlobals) = postSolution
		SolutionGuid = {785338DC-01C9-4E12-916D-868C08AF3374}
	EndGlobalSection
EndGlobal
