
Microsoft Visual Studio Solution File, Format Version 12.00
# Visual Studio Version 16
VisualStudioVersion = 16.0.29418.71
MinimumVisualStudioVersion = 10.0.40219.1
Project("{FAE04EC0-301F-11D3-BF4B-00C04F79EFBC}") = "DateTimeKind", "DateTimeKind\DateTimeKind.csproj", "{528E2873-77E6-4A25-8F43-543D96945887}"
EndProject
Global
	GlobalSection(SolutionConfigurationPlatforms) = preSolution
		Debug|Any CPU = Debug|Any CPU
		Release|Any CPU = Release|Any CPU
	EndGlobalSection
	GlobalSection(ProjectConfigurationPlatforms) = postSolution
		{528E2873-77E6-4A25-8F43-543D96945887}.Debug|Any CPU.ActiveCfg = Debug|Any CPU
		{528E2873-77E6-4A25-8F43-543D96945887}.Debug|Any CPU.Build.0 = Debug|Any CPU
		{528E2873-77E6-4A25-8F43-543D96945887}.Release|Any CPU.ActiveCfg = Release|Any CPU
		{528E2873-77E6-4A25-8F43-543D96945887}.Release|Any CPU.Build.0 = Release|Any CPU
	EndGlobalSection
	GlobalSection(SolutionProperties) = preSolution
		HideSolutionNode = FALSE
	EndGlobalSection
	GlobalSection(ExtensibilityGlobals) = postSolution
		SolutionGuid = {50F3725D-448C-48CD-9C69-2985A98DE1FB}
	EndGlobalSection
EndGlobal
